
Microsoft Visual Studio Solution File, Format Version 12.00
# Visual Studio Version 16
VisualStudioVersion = 16.0.30503.244
MinimumVisualStudioVersion = 10.0.40219.1
Project("{FAE04EC0-301F-11D3-BF4B-00C04F79EFBC}") = "double_ftp_main", "double_ftp_main.csproj", "{C8E6BF32-804C-4813-979E-48796E67CF64}"
EndProject
Global
	GlobalSection(SolutionConfigurationPlatforms) = preSolution
		Debug|Any CPU = Debug|Any CPU
		Release|Any CPU = Release|Any CPU
	EndGlobalSection
	GlobalSection(ProjectConfigurationPlatforms) = postSolution
		{C8E6BF32-804C-4813-979E-48796E67CF64}.Debug|Any CPU.ActiveCfg = Debug|Any CPU
		{C8E6BF32-804C-4813-979E-48796E67CF64}.Debug|Any CPU.Build.0 = Debug|Any CPU
		{C8E6BF32-804C-4813-979E-48796E67CF64}.Release|Any CPU.ActiveCfg = Release|Any CPU
		{C8E6BF32-804C-4813-979E-48796E67CF64}.Release|Any CPU.Build.0 = Release|Any CPU
	EndGlobalSection
	GlobalSection(SolutionProperties) = preSolution
		HideSolutionNode = FALSE
	EndGlobalSection
	GlobalSection(ExtensibilityGlobals) = postSolution
		SolutionGuid = {41F06279-BCF4-49F4-B732-19EC6DDED8A4}
	EndGlobalSection
EndGlobal
